{
  "name": "presentation-gptdiff-realtime",
  "version": "0.1.0",
  "lockfileVersion": 3,
  "requires": true,
  "packages": {
    "": {
      "name": "presentation-gptdiff-realtime",
      "version": "0.1.0",
      "dependencies": {
        "gptdiff-js": "github:255BITS/gptdiff-js"
      },
      "engines": {
        "node": ">=20"
      }
    },
    "node_modules/gptdiff-js": {
      "version": "0.1.0",
      "resolved": "git+ssh://git@github.com/255BITS/gptdiff-js.git#dc89992b46959b9bb411770ca292a6f2cb34a0f7",
      "license": "MIT",
      "engines": {
        "node": ">=18"
      }
    }
  }
}
